github.com/bytemare/hash v0.1.5 h1:VW+X1YQ2b3chjRFHkRUnO42uclsQjXimdBCPOgIobR4=
github.com/bytemare/hash v0.1.5/go.mod h1:+QmWXTky/2b63ngqM5IYezGydn9UTFDhpX7mLYwYxCA=
github.com/bytemare/hash2curve v0.2.2 h1:zaGx6Z4/N4Pl9B7aGNtpbZ09vu1NNJGoJRRtHHl8oTw=
github.com/bytemare/hash2curve v0.2.2/go.mod h1:Wma3DmJdn8kqiK9j120hkWvC3tQVKS1PyA8ZzyG23BI=
golang.org/x/crypto v0.17.0 h1:r8bRNjWL3GshPW3gkd+RpvzWrZAwPS49OmTGZ/uhM4k=
golang.org/x/crypto v0.17.0/go.mod h1:gCAAfMLgwOJRpTjQ2zCCt2OcSfYMTeZVSRtQlPC7Nq4=
golang.org/x/sys v0.15.0 h1:h48lPFYpsTvQJZF4EKyI4aLHaev3CxivZmv7yZig9pc=
golang.org/x/sys v0.15.0/go.mod h1:/VUhepiaJMQUp4+oa/7Zr1D23ma6VTLIYjOOTFZPUcA=
